
Microsoft Visual Studio Solution File, Format Version 12.00
# Visual Studio Version 17
VisualStudioVersion = 17.3.32819.101
MinimumVisualStudioVersion = 10.0.40219.1
Project("{FAE04EC0-301F-11D3-BF4B-00C04F79EFBC}") = "AbstractMovie", "AbstractMovie\AbstractMovie.csproj", "{4D27F765-A730-41DD-BE56-2D9FFCE7FC25}"
EndProject
Global
	GlobalSection(SolutionConfigurationPlatforms) = preSolution
		Debug|Any CPU = Debug|Any CPU
		Release|Any CPU = Release|Any CPU
	EndGlobalSection
	GlobalSection(ProjectConfigurationPlatforms) = postSolution
		{4D27F765-A730-41DD-BE56-2D9FFCE7FC25}.Debug|Any CPU.ActiveCfg = Debug|Any CPU
		{4D27F765-A730-41DD-BE56-2D9FFCE7FC25}.Debug|Any CPU.Build.0 = Debug|Any CPU
		{4D27F765-A730-41DD-BE56-2D9FFCE7FC25}.Release|Any CPU.ActiveCfg = Release|Any CPU
		{4D27F765-A730-41DD-BE56-2D9FFCE7FC25}.Release|Any CPU.Build.0 = Release|Any CPU
	EndGlobalSection
	GlobalSection(SolutionProperties) = preSolution
		HideSolutionNode = FALSE
	EndGlobalSection
	GlobalSection(ExtensibilityGlobals) = postSolution
		SolutionGuid = {8D4345DE-3E92-4713-BA23-95782C9607F1}
	EndGlobalSection
EndGlobal
